
Microsoft Visual Studio Solution File, Format Version 12.00
# Visual Studio Version 17
VisualStudioVersion = 17.10.34607.79
MinimumVisualStudioVersion = 10.0.40219.1
Project("{8BC9CEB8-8B4A-11D0-8D11-00A0C91BC942}") = "Hyperscan.WinRT", "Hyperscan.WinRT\Hyperscan.WinRT.vcxproj", "{0C8732E5-A435-49E6-BA78-210EB2BB17BD}"
EndProject
Project("{2150E333-8FDC-42A3-9474-1A3956D46DE8}") = "Solution Files", "Solution Files", "{E8C24AA3-45C6-4722-B121-2A5694EDF2B5}"
	ProjectSection(SolutionItems) = preProject
		.gitattributes = .gitattributes
		.gitignore = .gitignore
		README.md = README.md
	EndProjectSection
EndProject
Project("{9A19103F-16F7-4668-BE54-9A1E7A4F7556}") = "Hyperscan.Tests", "Hyperscan.Tests\Hyperscan.Tests.csproj", "{CFB612EA-A1AC-479B-B473-5FF12396231B}"
EndProject
Project("{8BC9CEB8-8B4A-11D0-8D11-00A0C91BC942}") = "Hyperscan.Console", "Hyperscan.Console\Hyperscan.Console.vcxproj", "{D4EAA3B8-4FCD-418C-966E-1FFFDE3FCC0C}"
EndProject
Global
	GlobalSection(SolutionConfigurationPlatforms) = preSolution
		Debug|Any CPU = Debug|Any CPU
		Debug|x64 = Debug|x64
		Debug|x86 = Debug|x86
		Release|Any CPU = Release|Any CPU
		Release|x64 = Release|x64
		Release|x86 = Release|x86
	EndGlobalSection
	GlobalSection(ProjectConfigurationPlatforms) = postSolution
		{0C8732E5-A435-49E6-BA78-210EB2BB17BD}.Debug|Any CPU.ActiveCfg = Debug|x64
		{0C8732E5-A435-49E6-BA78-210EB2BB17BD}.Debug|Any CPU.Build.0 = Debug|x64
		{0C8732E5-A435-49E6-BA78-210EB2BB17BD}.Debug|x64.ActiveCfg = Debug|x64
		{0C8732E5-A435-49E6-BA78-210EB2BB17BD}.Debug|x64.Build.0 = Debug|x64
		{0C8732E5-A435-49E6-BA78-210EB2BB17BD}.Debug|x86.ActiveCfg = Debug|Win32
		{0C8732E5-A435-49E6-BA78-210EB2BB17BD}.Debug|x86.Build.0 = Debug|Win32
		{0C8732E5-A435-49E6-BA78-210EB2BB17BD}.Release|Any CPU.ActiveCfg = Release|x64
		{0C8732E5-A435-49E6-BA78-210EB2BB17BD}.Release|Any CPU.Build.0 = Release|x64
		{0C8732E5-A435-49E6-BA78-210EB2BB17BD}.Release|x64.ActiveCfg = Release|x64
		{0C8732E5-A435-49E6-BA78-210EB2BB17BD}.Release|x64.Build.0 = Release|x64
		{0C8732E5-A435-49E6-BA78-210EB2BB17BD}.Release|x86.ActiveCfg = Release|Win32
		{0C8732E5-A435-49E6-BA78-210EB2BB17BD}.Release|x86.Build.0 = Release|Win32
		{CFB612EA-A1AC-479B-B473-5FF12396231B}.Debug|Any CPU.ActiveCfg = Debug|Any CPU
		{CFB612EA-A1AC-479B-B473-5FF12396231B}.Debug|Any CPU.Build.0 = Debug|Any CPU
		{CFB612EA-A1AC-479B-B473-5FF12396231B}.Debug|x64.ActiveCfg = Debug|Any CPU
		{CFB612EA-A1AC-479B-B473-5FF12396231B}.Debug|x64.Build.0 = Debug|Any CPU
		{CFB612EA-A1AC-479B-B473-5FF12396231B}.Debug|x86.ActiveCfg = Debug|Any CPU
		{CFB612EA-A1AC-479B-B473-5FF12396231B}.Debug|x86.Build.0 = Debug|Any CPU
		{CFB612EA-A1AC-479B-B473-5FF12396231B}.Release|Any CPU.ActiveCfg = Release|Any CPU
		{CFB612EA-A1AC-479B-B473-5FF12396231B}.Release|Any CPU.Build.0 = Release|Any CPU
		{CFB612EA-A1AC-479B-B473-5FF12396231B}.Release|x64.ActiveCfg = Release|Any CPU
		{CFB612EA-A1AC-479B-B473-5FF12396231B}.Release|x64.Build.0 = Release|Any CPU
		{CFB612EA-A1AC-479B-B473-5FF12396231B}.Release|x86.ActiveCfg = Release|Any CPU
		{CFB612EA-A1AC-479B-B473-5FF12396231B}.Release|x86.Build.0 = Release|Any CPU
		{D4EAA3B8-4FCD-418C-966E-1FFFDE3FCC0C}.Debug|Any CPU.ActiveCfg = Debug|x64
		{D4EAA3B8-4FCD-418C-966E-1FFFDE3FCC0C}.Debug|Any CPU.Build.0 = Debug|x64
		{D4EAA3B8-4FCD-418C-966E-1FFFDE3FCC0C}.Debug|x64.ActiveCfg = Debug|x64
		{D4EAA3B8-4FCD-418C-966E-1FFFDE3FCC0C}.Debug|x64.Build.0 = Debug|x64
		{D4EAA3B8-4FCD-418C-966E-1FFFDE3FCC0C}.Debug|x86.ActiveCfg = Debug|Win32
		{D4EAA3B8-4FCD-418C-966E-1FFFDE3FCC0C}.Debug|x86.Build.0 = Debug|Win32
		{D4EAA3B8-4FCD-418C-966E-1FFFDE3FCC0C}.Release|Any CPU.ActiveCfg = Release|x64
		{D4EAA3B8-4FCD-418C-966E-1FFFDE3FCC0C}.Release|Any CPU.Build.0 = Release|x64
		{D4EAA3B8-4FCD-418C-966E-1FFFDE3FCC0C}.Release|x64.ActiveCfg = Release|x64
		{D4EAA3B8-4FCD-418C-966E-1FFFDE3FCC0C}.Release|x64.Build.0 = Release|x64
		{D4EAA3B8-4FCD-418C-966E-1FFFDE3FCC0C}.Release|x86.ActiveCfg = Release|Win32
		{D4EAA3B8-4FCD-418C-966E-1FFFDE3FCC0C}.Release|x86.Build.0 = Release|Win32
	EndGlobalSection
	GlobalSection(SolutionProperties) = preSolution
		HideSolutionNode = FALSE
	EndGlobalSection
	GlobalSection(ExtensibilityGlobals) = postSolution
		SolutionGuid = {84A5AFD1-36C5-4BA0-8749-F40E17061631}
	EndGlobalSection
EndGlobal
