<?xml version="1.0" encoding="utf-8"?>
<Project ToolsVersion="15.0" xmlns="http://schemas.microsoft.com/developer/msbuild/2003">
  <ItemGroup>
    <Filter Include="Resources">
      <UniqueIdentifier>accd3aa8-1ba0-4223-9bbe-0c431709210b</UniqueIdentifier>
      <Extensions>rc;ico;cur;bmp;dlg;rc2;rct;bin;rgs;gif;jpg;jpeg;jpe;resx;tga;tiff;tif;png;wav;mfcribbon-ms</Extensions>
    </Filter>
    <Filter Include="Generated Files">
      <UniqueIdentifier>{926ab91d-31b4-48c3-b9a4-e681349f27f0}</UniqueIdentifier>
    </Filter>
    <Filter Include="Source Files">
      <UniqueIdentifier>{dbdddab2-24db-4cd9-b415-a0a5806daee0}</UniqueIdentifier>
    </Filter>
    <Filter Include="Precompiled Files">
      <UniqueIdentifier>{3189089b-def4-443b-b49b-d21fcfd6cfbe}</UniqueIdentifier>
    </Filter>
    <Filter Include="Configuration Files">
      <UniqueIdentifier>{7d7e2c7d-e88b-4f98-9cf3-e9bbd7e0f026}</UniqueIdentifier>
    </Filter>
  </ItemGroup>
  <ItemGroup>
    <ClCompile Include="$(GeneratedFilesDir)module.g.cpp">
      <Filter>Source Files</Filter>
    </ClCompile>
    <ClCompile Include="pch.cpp">
      <Filter>Precompiled Files</Filter>
    </ClCompile>
  </ItemGroup>
  <ItemGroup>
    <None Include="Hyperscan.WinRT.def" />
    <None Include="packages.config">
      <Filter>Configuration Files</Filter>
    </None>
  </ItemGroup>
  <ItemGroup>
    <Midl Include="Hyperscan.idl">
      <Filter>Source Files</Filter>
    </Midl>
  </ItemGroup>
  <ItemGroup>
    <ClInclude Include="pch.h">
      <Filter>Precompiled Files</Filter>
    </ClInclude>
  </ItemGroup>
  <ItemGroup>
    <Natvis Include="$(MSBuildThisFileDirectory)..\..\natvis\wil.natvis">
      <Filter>Configuration Files</Filter>
    </Natvis>
  </ItemGroup>
</Project>